{
  "version": 4,
  "terraform_version": "1.11.0",
  "serial": 8,
  "lineage": "52361410-6f75-1ae5-877c-cb3fa82227ff",
  "outputs": {
    "external_ip": {
      "value": "84.201.158.106",
      "type": "string"
    }
  },
  "resources": [
    {
      "mode": "data",
      "type": "yandex_compute_image",
      "name": "container-optimized-image",
      "provider": "provider[\"registry.terraform.io/yandex-cloud/yandex\"]",
      "instances": [
        {
          "schema_version": 0,
          "attributes": {
            "created_at": "2025-02-24T11:04:21Z",
            "description": "Container Optimized Image 3.1.15",
            "family": "container-optimized-image",
            "folder_id": "standard-images",
            "hardware_generation": [
              {
                "generation2_features": [],
                "legacy_features": [
                  {
                    "pci_topology": "PCI_TOPOLOGY_V1"
                  }
                ]
              }
            ],
            "id": "fd8673jpbo4nfbt48njj",
            "image_id": "fd8673jpbo4nfbt48njj",
            "kms_key_id": null,
            "labels": {},
            "min_disk_size": 15,
            "name": "container-optimized-image-v20250224",
            "os_type": "linux",
            "pooled": true,
            "product_ids": [
              "f2ehhqu2mb3m7dpsjo6g"
            ],
            "size": 7,
            "status": "ready"
          },
          "sensitive_attributes": []
        }
      ]
    },
    {
      "mode": "managed",
      "type": "yandex_compute_instance",
      "name": "instance-based-on-coi",
      "provider": "provider[\"registry.terraform.io/yandex-cloud/yandex\"]",
      "instances": [
        {
          "schema_version": 1,
          "attributes": {
            "allow_recreate": null,
            "allow_stopping_for_update": null,
            "boot_disk": [
              {
                "auto_delete": true,
                "device_name": "fhm8m31pi7ehq9m0ekus",
                "disk_id": "fhm8m31pi7ehq9m0ekus",
                "initialize_params": [
                  {
                    "block_size": 4096,
                    "description": "",
                    "image_id": "fd8673jpbo4nfbt48njj",
                    "kms_key_id": "",
                    "name": "",
                    "size": 15,
                    "snapshot_id": "",
                    "type": "network-hdd"
                  }
                ],
                "mode": "READ_WRITE"
              }
            ],
            "created_at": "2025-03-02T13:29:26Z",
            "description": "",
            "filesystem": [],
            "folder_id": "b1ggamghpohsg06e7688",
            "fqdn": "fhmh415uokqhsfr7jmo2.auto.internal",
            "gpu_cluster_id": "",
            "hardware_generation": [
              {
                "generation2_features": [],
                "legacy_features": [
                  {
                    "pci_topology": "PCI_TOPOLOGY_V1"
                  }
                ]
              }
            ],
            "hostname": "",
            "id": "fhmh415uokqhsfr7jmo2",
            "labels": null,
            "local_disk": [],
            "maintenance_grace_period": "",
            "maintenance_policy": null,
            "metadata": {
              "docker-container-declaration": "spec:\r\n  containers:\r\n    - image: cr.yandex/yc/demo/coi:v1\r\n      securityContext:\r\n        privileged: false\r\n      stdin: false\r\n      tty: false",
              "user-data": "#cloud-config\r\nssh_pwauth: no\r\nusers:\r\n  - name: deep\r\n    sudo: ALL=(ALL) NOPASSWD:ALL\r\n    shell: /bin/bash\r\n    ssh_authorized_keys:\r\n      - \"ssh-ed25519 AAAAC3NzaC1lZDI1NTE5AAAAIGGJj3yUgvI9985e9CWpwGXaq1ippxAiL0jpyU2kzGpy deep\""
            },
            "metadata_options": [
              {
                "aws_v1_http_endpoint": 1,
                "aws_v1_http_token": 2,
                "gce_http_endpoint": 1,
                "gce_http_token": 1
              }
            ],
            "name": "",
            "network_acceleration_type": "standard",
            "network_interface": [
              {
                "dns_record": [],
                "index": 0,
                "ip_address": "10.128.0.34",
                "ipv4": true,
                "ipv6": false,
                "ipv6_address": "",
                "ipv6_dns_record": [],
                "mac_address": "d0:0d:11:20:4b:ec",
                "nat": true,
                "nat_dns_record": [],
                "nat_ip_address": "84.201.158.106",
                "nat_ip_version": "IPV4",
                "security_group_ids": [],
                "subnet_id": "e9buvi02as3u672c0hju"
              }
            ],
            "placement_policy": [
              {
                "host_affinity_rules": [],
                "placement_group_id": "",
                "placement_group_partition": 0
              }
            ],
            "platform_id": "standard-v1",
            "resources": [
              {
                "core_fraction": 100,
                "cores": 2,
                "gpus": 0,
                "memory": 2
              }
            ],
            "scheduling_policy": [
              {
                "preemptible": false
              }
            ],
            "secondary_disk": [],
            "service_account_id": "",
            "status": "running",
            "timeouts": null,
            "zone": "ru-central1-a"
          },
          "sensitive_attributes": [],
          "private": "eyJlMmJmYjczMC1lY2FhLTExZTYtOGY4OC0zNDM2M2JjN2M0YzAiOnsiY3JlYXRlIjozMDAwMDAwMDAwMDAsImRlbGV0ZSI6MzAwMDAwMDAwMDAwLCJ1cGRhdGUiOjMwMDAwMDAwMDAwMH0sInNjaGVtYV92ZXJzaW9uIjoiMSJ9",
          "dependencies": [
            "data.yandex_compute_image.container-optimized-image"
          ]
        }
      ]
    }
  ],
  "check_results": null
}
